
Microsoft Visual Studio Solution File, Format Version 12.00
# Visual Studio Version 17
VisualStudioVersion = 17.4.33213.308
MinimumVisualStudioVersion = 10.0.40219.1
Project("{2150E333-8FDC-42A3-9474-1A3956D46DE8}") = "src", "src", "{646AA1C7-79B3-4F71-BB52-D599D443FB43}"
EndProject
Project("{2150E333-8FDC-42A3-9474-1A3956D46DE8}") = "tests", "tests", "{9455DF44-DDD1-499B-B536-A506891469BF}"
EndProject
Project("{9A19103F-16F7-4668-BE54-9A1E7A4F7556}") = "ContactList.WebApi", "src\ContactList.WebApi\ContactList.WebApi.csproj", "{8B989793-7A65-4EBA-B211-F5A6BB23132D}"
	ProjectSection(ProjectDependencies) = postProject
		{A0C3C157-0A88-476D-8755-71F8EAAFA7A0} = {A0C3C157-0A88-476D-8755-71F8EAAFA7A0}
	EndProjectSection
EndProject
Project("{9A19103F-16F7-4668-BE54-9A1E7A4F7556}") = "ContactList.Core", "src\ContactList.Core\ContactList.Core.csproj", "{A0C3C157-0A88-476D-8755-71F8EAAFA7A0}"
EndProject
Global
	GlobalSection(SolutionConfigurationPlatforms) = preSolution
		Debug|Any CPU = Debug|Any CPU
		Release|Any CPU = Release|Any CPU
	EndGlobalSection
	GlobalSection(ProjectConfigurationPlatforms) = postSolution
		{8B989793-7A65-4EBA-B211-F5A6BB23132D}.Debug|Any CPU.ActiveCfg = Debug|Any CPU
		{8B989793-7A65-4EBA-B211-F5A6BB23132D}.Debug|Any CPU.Build.0 = Debug|Any CPU
		{8B989793-7A65-4EBA-B211-F5A6BB23132D}.Release|Any CPU.ActiveCfg = Release|Any CPU
		{8B989793-7A65-4EBA-B211-F5A6BB23132D}.Release|Any CPU.Build.0 = Release|Any CPU
		{A0C3C157-0A88-476D-8755-71F8EAAFA7A0}.Debug|Any CPU.ActiveCfg = Debug|Any CPU
		{A0C3C157-0A88-476D-8755-71F8EAAFA7A0}.Debug|Any CPU.Build.0 = Debug|Any CPU
		{A0C3C157-0A88-476D-8755-71F8EAAFA7A0}.Release|Any CPU.ActiveCfg = Release|Any CPU
		{A0C3C157-0A88-476D-8755-71F8EAAFA7A0}.Release|Any CPU.Build.0 = Release|Any CPU
	EndGlobalSection
	GlobalSection(SolutionProperties) = preSolution
		HideSolutionNode = FALSE
	EndGlobalSection
	GlobalSection(NestedProjects) = preSolution
		{8B989793-7A65-4EBA-B211-F5A6BB23132D} = {646AA1C7-79B3-4F71-BB52-D599D443FB43}
		{A0C3C157-0A88-476D-8755-71F8EAAFA7A0} = {646AA1C7-79B3-4F71-BB52-D599D443FB43}
	EndGlobalSection
	GlobalSection(ExtensibilityGlobals) = postSolution
		SolutionGuid = {4C8656D4-4B25-43CA-B8F9-DA92BAD65997}
	EndGlobalSection
EndGlobal
